
Microsoft Visual Studio Solution File, Format Version 12.00
# Visual Studio 15
VisualStudioVersion = 15.0.28307.168
MinimumVisualStudioVersion = 10.0.40219.1
Project("{FAE04EC0-301F-11D3-BF4B-00C04F79EFBC}") = "Exam70483.ManageProgramFlow", "Exam70483.ManageProgramFlow\Exam70483.ManageProgramFlow.csproj", "{A3DEC45B-1A83-4567-833E-96816394F189}"
EndProject
Project("{FAE04EC0-301F-11D3-BF4B-00C04F79EFBC}") = "Exam70483.CreateAndUseTypes", "Exam70483.CreateAndUseTypes\Exam70483.CreateAndUseTypes.csproj", "{CFA2434E-BEFD-4837-8054-338DA1E390B5}"
EndProject
Project("{FAE04EC0-301F-11D3-BF4B-00C04F79EFBC}") = "Exam70483.DebugAppsAndImplementSecurity", "Exam70483.DebugAppsAndImplementSecurity\Exam70483.DebugAppsAndImplementSecurity.csproj", "{3EAE0DD2-90C1-416C-B73A-407901D2608E}"
EndProject
Project("{FAE04EC0-301F-11D3-BF4B-00C04F79EFBC}") = "Exam70483.ImplementDataAccess", "Exam70483.ImplementDataAccess\Exam70483.ImplementDataAccess.csproj", "{64E9D4DD-A0A3-425B-BEB5-84D041A9FE04}"
EndProject
Project("{FAE04EC0-301F-11D3-BF4B-00C04F79EFBC}") = "Exam70483.Supplemental", "Exam70483.Supplemental\Exam70483.Supplemental.csproj", "{65B49CB0-F31F-4ACD-8B5B-627E00678096}"
EndProject
Project("{FAE04EC0-301F-11D3-BF4B-00C04F79EFBC}") = "Exam70483.DelegatesAndEvents", "Exam70483.DelegatesAndEvents\Exam70483.DelegatesAndEvents.csproj", "{9593BEC9-3293-4EE5-95AB-4381F99B478F}"
EndProject
Project("{FAE04EC0-301F-11D3-BF4B-00C04F79EFBC}") = "Exam70483.CreateAndUseTypes.Tests", "Exam70483.CreateAndUseTypes.Tests\Exam70483.CreateAndUseTypes.Tests.csproj", "{11EFBC2E-C15B-4A22-B476-5A32C9E42229}"
EndProject
Project("{FAE04EC0-301F-11D3-BF4B-00C04F79EFBC}") = "Exam70483.DebugAppsAndImplementSecurity.Tests", "Exam70483.DebugAppsAndImplementSecurity.Tests\Exam70483.DebugAppsAndImplementSecurity.Tests.csproj", "{F781236C-9524-4FCC-BD1E-FAA41E1A79D0}"
EndProject
Project("{FAE04EC0-301F-11D3-BF4B-00C04F79EFBC}") = "Exam70483.ManageProgramFlow.Console", "Exam70483.ManageProgramFlow.Console\Exam70483.ManageProgramFlow.Console.csproj", "{22A89AED-68C6-4E71-92B5-35F93E374A6B}"
EndProject
Project("{2150E333-8FDC-42A3-9474-1A3956D46DE8}") = "Tests", "Tests", "{1916CAE4-2995-4EB9-A638-85F96D5F8D3D}"
EndProject
Project("{2150E333-8FDC-42A3-9474-1A3956D46DE8}") = "Old - 2016", "Old - 2016", "{516B6A65-C685-4A09-B19C-4B9EABABD627}"
EndProject
Project("{2150E333-8FDC-42A3-9474-1A3956D46DE8}") = "New - 2019", "New - 2019", "{C7BE57D9-FA20-4869-9F39-7CCBB2E75EA1}"
EndProject
Project("{FAE04EC0-301F-11D3-BF4B-00C04F79EFBC}") = "TaskParallelLibrary", "TaskParallelLibrary\TaskParallelLibrary.csproj", "{391ED769-3ED9-4AB9-8EB8-BDBF4660B77C}"
EndProject
Project("{FAE04EC0-301F-11D3-BF4B-00C04F79EFBC}") = "ClassesAndStructs", "ClassesAndStructs\ClassesAndStructs.csproj", "{926A119C-221D-4475-8B1A-2BD87FE1F8D1}"
EndProject
Project("{2150E333-8FDC-42A3-9474-1A3956D46DE8}") = "CreateAndUseTypes", "CreateAndUseTypes", "{C3AEA296-57E7-49D6-A331-71BD9895BF51}"
EndProject
Project("{FAE04EC0-301F-11D3-BF4B-00C04F79EFBC}") = "NewVirtualOverride", "NewVirtualOverride\NewVirtualOverride.csproj", "{298608E5-0786-4ADF-ACD8-33BE1A2C32D3}"
EndProject
Project("{FAE04EC0-301F-11D3-BF4B-00C04F79EFBC}") = "Generics", "Generics\Generics.csproj", "{AB6AD86D-7EA3-4F87-A844-33E342251105}"
EndProject
Project("{2150E333-8FDC-42A3-9474-1A3956D46DE8}") = "ManageProgramFlow", "ManageProgramFlow", "{58401E9A-ACFE-41B8-BFA7-4D55F9F9E2BB}"
	ProjectSection(SolutionItems) = preProject
		README.md = README.md
	EndProjectSection
EndProject
Project("{FAE04EC0-301F-11D3-BF4B-00C04F79EFBC}") = "ManageMultithreading", "ManageMultithreading\ManageMultithreading.csproj", "{F652923C-20F1-4206-ADB3-0A3BBB0FCC95}"
EndProject
Project("{FAE04EC0-301F-11D3-BF4B-00C04F79EFBC}") = "ImplementProgramFlow", "ImplementProgramFlow\ImplementProgramFlow.csproj", "{19F2AAD2-0F38-4372-BD5D-28CD799C4BCF}"
EndProject
Project("{FAE04EC0-301F-11D3-BF4B-00C04F79EFBC}") = "CreateAndImplementEventsAndCallbacks", "CreateAndImplementEventsAndCallbacks\CreateAndImplementEventsAndCallbacks.csproj", "{1AD0DAA9-4F85-4897-8715-16D2A001A8D9}"
EndProject
Project("{FAE04EC0-301F-11D3-BF4B-00C04F79EFBC}") = "ImplementExceptionHandling", "ImplementExceptionHandling\ImplementExceptionHandling.csproj", "{8A51DEA7-F07D-495E-B8A3-3EC0969676EE}"
EndProject
Global
	GlobalSection(SolutionConfigurationPlatforms) = preSolution
		Debug|Any CPU = Debug|Any CPU
		Release|Any CPU = Release|Any CPU
	EndGlobalSection
	GlobalSection(ProjectConfigurationPlatforms) = postSolution
		{A3DEC45B-1A83-4567-833E-96816394F189}.Debug|Any CPU.ActiveCfg = Debug|Any CPU
		{A3DEC45B-1A83-4567-833E-96816394F189}.Debug|Any CPU.Build.0 = Debug|Any CPU
		{A3DEC45B-1A83-4567-833E-96816394F189}.Release|Any CPU.ActiveCfg = Release|Any CPU
		{A3DEC45B-1A83-4567-833E-96816394F189}.Release|Any CPU.Build.0 = Release|Any CPU
		{CFA2434E-BEFD-4837-8054-338DA1E390B5}.Debug|Any CPU.ActiveCfg = Debug|Any CPU
		{CFA2434E-BEFD-4837-8054-338DA1E390B5}.Debug|Any CPU.Build.0 = Debug|Any CPU
		{CFA2434E-BEFD-4837-8054-338DA1E390B5}.Release|Any CPU.ActiveCfg = Release|Any CPU
		{CFA2434E-BEFD-4837-8054-338DA1E390B5}.Release|Any CPU.Build.0 = Release|Any CPU
		{3EAE0DD2-90C1-416C-B73A-407901D2608E}.Debug|Any CPU.ActiveCfg = Debug|Any CPU
		{3EAE0DD2-90C1-416C-B73A-407901D2608E}.Debug|Any CPU.Build.0 = Debug|Any CPU
		{3EAE0DD2-90C1-416C-B73A-407901D2608E}.Release|Any CPU.ActiveCfg = Release|Any CPU
		{3EAE0DD2-90C1-416C-B73A-407901D2608E}.Release|Any CPU.Build.0 = Release|Any CPU
		{64E9D4DD-A0A3-425B-BEB5-84D041A9FE04}.Debug|Any CPU.ActiveCfg = Debug|Any CPU
		{64E9D4DD-A0A3-425B-BEB5-84D041A9FE04}.Debug|Any CPU.Build.0 = Debug|Any CPU
		{64E9D4DD-A0A3-425B-BEB5-84D041A9FE04}.Release|Any CPU.ActiveCfg = Release|Any CPU
		{64E9D4DD-A0A3-425B-BEB5-84D041A9FE04}.Release|Any CPU.Build.0 = Release|Any CPU
		{65B49CB0-F31F-4ACD-8B5B-627E00678096}.Debug|Any CPU.ActiveCfg = Debug|Any CPU
		{65B49CB0-F31F-4ACD-8B5B-627E00678096}.Debug|Any CPU.Build.0 = Debug|Any CPU
		{65B49CB0-F31F-4ACD-8B5B-627E00678096}.Release|Any CPU.ActiveCfg = Release|Any CPU
		{65B49CB0-F31F-4ACD-8B5B-627E00678096}.Release|Any CPU.Build.0 = Release|Any CPU
		{9593BEC9-3293-4EE5-95AB-4381F99B478F}.Debug|Any CPU.ActiveCfg = Debug|Any CPU
		{9593BEC9-3293-4EE5-95AB-4381F99B478F}.Debug|Any CPU.Build.0 = Debug|Any CPU
		{9593BEC9-3293-4EE5-95AB-4381F99B478F}.Release|Any CPU.ActiveCfg = Release|Any CPU
		{9593BEC9-3293-4EE5-95AB-4381F99B478F}.Release|Any CPU.Build.0 = Release|Any CPU
		{11EFBC2E-C15B-4A22-B476-5A32C9E42229}.Debug|Any CPU.ActiveCfg = Debug|Any CPU
		{11EFBC2E-C15B-4A22-B476-5A32C9E42229}.Debug|Any CPU.Build.0 = Debug|Any CPU
		{11EFBC2E-C15B-4A22-B476-5A32C9E42229}.Release|Any CPU.ActiveCfg = Release|Any CPU
		{11EFBC2E-C15B-4A22-B476-5A32C9E42229}.Release|Any CPU.Build.0 = Release|Any CPU
		{F781236C-9524-4FCC-BD1E-FAA41E1A79D0}.Debug|Any CPU.ActiveCfg = Debug|Any CPU
		{F781236C-9524-4FCC-BD1E-FAA41E1A79D0}.Debug|Any CPU.Build.0 = Debug|Any CPU
		{F781236C-9524-4FCC-BD1E-FAA41E1A79D0}.Release|Any CPU.ActiveCfg = Release|Any CPU
		{F781236C-9524-4FCC-BD1E-FAA41E1A79D0}.Release|Any CPU.Build.0 = Release|Any CPU
		{22A89AED-68C6-4E71-92B5-35F93E374A6B}.Debug|Any CPU.ActiveCfg = Debug|Any CPU
		{22A89AED-68C6-4E71-92B5-35F93E374A6B}.Debug|Any CPU.Build.0 = Debug|Any CPU
		{22A89AED-68C6-4E71-92B5-35F93E374A6B}.Release|Any CPU.ActiveCfg = Release|Any CPU
		{22A89AED-68C6-4E71-92B5-35F93E374A6B}.Release|Any CPU.Build.0 = Release|Any CPU
		{391ED769-3ED9-4AB9-8EB8-BDBF4660B77C}.Debug|Any CPU.ActiveCfg = Debug|Any CPU
		{391ED769-3ED9-4AB9-8EB8-BDBF4660B77C}.Debug|Any CPU.Build.0 = Debug|Any CPU
		{391ED769-3ED9-4AB9-8EB8-BDBF4660B77C}.Release|Any CPU.ActiveCfg = Release|Any CPU
		{391ED769-3ED9-4AB9-8EB8-BDBF4660B77C}.Release|Any CPU.Build.0 = Release|Any CPU
		{926A119C-221D-4475-8B1A-2BD87FE1F8D1}.Debug|Any CPU.ActiveCfg = Debug|Any CPU
		{926A119C-221D-4475-8B1A-2BD87FE1F8D1}.Debug|Any CPU.Build.0 = Debug|Any CPU
		{926A119C-221D-4475-8B1A-2BD87FE1F8D1}.Release|Any CPU.ActiveCfg = Release|Any CPU
		{926A119C-221D-4475-8B1A-2BD87FE1F8D1}.Release|Any CPU.Build.0 = Release|Any CPU
		{298608E5-0786-4ADF-ACD8-33BE1A2C32D3}.Debug|Any CPU.ActiveCfg = Debug|Any CPU
		{298608E5-0786-4ADF-ACD8-33BE1A2C32D3}.Debug|Any CPU.Build.0 = Debug|Any CPU
		{298608E5-0786-4ADF-ACD8-33BE1A2C32D3}.Release|Any CPU.ActiveCfg = Release|Any CPU
		{298608E5-0786-4ADF-ACD8-33BE1A2C32D3}.Release|Any CPU.Build.0 = Release|Any CPU
		{AB6AD86D-7EA3-4F87-A844-33E342251105}.Debug|Any CPU.ActiveCfg = Debug|Any CPU
		{AB6AD86D-7EA3-4F87-A844-33E342251105}.Debug|Any CPU.Build.0 = Debug|Any CPU
		{AB6AD86D-7EA3-4F87-A844-33E342251105}.Release|Any CPU.ActiveCfg = Release|Any CPU
		{AB6AD86D-7EA3-4F87-A844-33E342251105}.Release|Any CPU.Build.0 = Release|Any CPU
		{F652923C-20F1-4206-ADB3-0A3BBB0FCC95}.Debug|Any CPU.ActiveCfg = Debug|Any CPU
		{F652923C-20F1-4206-ADB3-0A3BBB0FCC95}.Debug|Any CPU.Build.0 = Debug|Any CPU
		{F652923C-20F1-4206-ADB3-0A3BBB0FCC95}.Release|Any CPU.ActiveCfg = Release|Any CPU
		{F652923C-20F1-4206-ADB3-0A3BBB0FCC95}.Release|Any CPU.Build.0 = Release|Any CPU
		{19F2AAD2-0F38-4372-BD5D-28CD799C4BCF}.Debug|Any CPU.ActiveCfg = Debug|Any CPU
		{19F2AAD2-0F38-4372-BD5D-28CD799C4BCF}.Debug|Any CPU.Build.0 = Debug|Any CPU
		{19F2AAD2-0F38-4372-BD5D-28CD799C4BCF}.Release|Any CPU.ActiveCfg = Release|Any CPU
		{19F2AAD2-0F38-4372-BD5D-28CD799C4BCF}.Release|Any CPU.Build.0 = Release|Any CPU
		{1AD0DAA9-4F85-4897-8715-16D2A001A8D9}.Debug|Any CPU.ActiveCfg = Debug|Any CPU
		{1AD0DAA9-4F85-4897-8715-16D2A001A8D9}.Debug|Any CPU.Build.0 = Debug|Any CPU
		{1AD0DAA9-4F85-4897-8715-16D2A001A8D9}.Release|Any CPU.ActiveCfg = Release|Any CPU
		{1AD0DAA9-4F85-4897-8715-16D2A001A8D9}.Release|Any CPU.Build.0 = Release|Any CPU
		{8A51DEA7-F07D-495E-B8A3-3EC0969676EE}.Debug|Any CPU.ActiveCfg = Debug|Any CPU
		{8A51DEA7-F07D-495E-B8A3-3EC0969676EE}.Debug|Any CPU.Build.0 = Debug|Any CPU
		{8A51DEA7-F07D-495E-B8A3-3EC0969676EE}.Release|Any CPU.ActiveCfg = Release|Any CPU
		{8A51DEA7-F07D-495E-B8A3-3EC0969676EE}.Release|Any CPU.Build.0 = Release|Any CPU
	EndGlobalSection
	GlobalSection(SolutionProperties) = preSolution
		HideSolutionNode = FALSE
	EndGlobalSection
	GlobalSection(NestedProjects) = preSolution
		{A3DEC45B-1A83-4567-833E-96816394F189} = {516B6A65-C685-4A09-B19C-4B9EABABD627}
		{CFA2434E-BEFD-4837-8054-338DA1E390B5} = {516B6A65-C685-4A09-B19C-4B9EABABD627}
		{3EAE0DD2-90C1-416C-B73A-407901D2608E} = {516B6A65-C685-4A09-B19C-4B9EABABD627}
		{64E9D4DD-A0A3-425B-BEB5-84D041A9FE04} = {516B6A65-C685-4A09-B19C-4B9EABABD627}
		{65B49CB0-F31F-4ACD-8B5B-627E00678096} = {516B6A65-C685-4A09-B19C-4B9EABABD627}
		{9593BEC9-3293-4EE5-95AB-4381F99B478F} = {516B6A65-C685-4A09-B19C-4B9EABABD627}
		{11EFBC2E-C15B-4A22-B476-5A32C9E42229} = {1916CAE4-2995-4EB9-A638-85F96D5F8D3D}
		{F781236C-9524-4FCC-BD1E-FAA41E1A79D0} = {1916CAE4-2995-4EB9-A638-85F96D5F8D3D}
		{22A89AED-68C6-4E71-92B5-35F93E374A6B} = {516B6A65-C685-4A09-B19C-4B9EABABD627}
		{391ED769-3ED9-4AB9-8EB8-BDBF4660B77C} = {58401E9A-ACFE-41B8-BFA7-4D55F9F9E2BB}
		{926A119C-221D-4475-8B1A-2BD87FE1F8D1} = {C3AEA296-57E7-49D6-A331-71BD9895BF51}
		{C3AEA296-57E7-49D6-A331-71BD9895BF51} = {C7BE57D9-FA20-4869-9F39-7CCBB2E75EA1}
		{298608E5-0786-4ADF-ACD8-33BE1A2C32D3} = {C3AEA296-57E7-49D6-A331-71BD9895BF51}
		{AB6AD86D-7EA3-4F87-A844-33E342251105} = {C3AEA296-57E7-49D6-A331-71BD9895BF51}
		{58401E9A-ACFE-41B8-BFA7-4D55F9F9E2BB} = {C7BE57D9-FA20-4869-9F39-7CCBB2E75EA1}
		{F652923C-20F1-4206-ADB3-0A3BBB0FCC95} = {58401E9A-ACFE-41B8-BFA7-4D55F9F9E2BB}
		{19F2AAD2-0F38-4372-BD5D-28CD799C4BCF} = {58401E9A-ACFE-41B8-BFA7-4D55F9F9E2BB}
		{1AD0DAA9-4F85-4897-8715-16D2A001A8D9} = {58401E9A-ACFE-41B8-BFA7-4D55F9F9E2BB}
		{8A51DEA7-F07D-495E-B8A3-3EC0969676EE} = {58401E9A-ACFE-41B8-BFA7-4D55F9F9E2BB}
	EndGlobalSection
	GlobalSection(ExtensibilityGlobals) = postSolution
		SolutionGuid = {83B16D0E-F016-4075-9C5A-232B81AD9D75}
	EndGlobalSection
EndGlobal
