
Microsoft Visual Studio Solution File, Format Version 12.00
# Visual Studio 15
VisualStudioVersion = 15.0.28307.168
MinimumVisualStudioVersion = 10.0.40219.1
Project("{FAE04EC0-301F-11D3-BF4B-00C04F79EFBC}") = "Exam70483.ManageProgramFlow", "Old\Exam70483.ManageProgramFlow\Exam70483.ManageProgramFlow.csproj", "{A3DEC45B-1A83-4567-833E-96816394F189}"
EndProject
Project("{FAE04EC0-301F-11D3-BF4B-00C04F79EFBC}") = "Exam70483.CreateAndUseTypes", "Old\Exam70483.CreateAndUseTypes\Exam70483.CreateAndUseTypes.csproj", "{CFA2434E-BEFD-4837-8054-338DA1E390B5}"
EndProject
Project("{FAE04EC0-301F-11D3-BF4B-00C04F79EFBC}") = "Exam70483.DebugAppsAndImplementSecurity", "Old\Exam70483.DebugAppsAndImplementSecurity\Exam70483.DebugAppsAndImplementSecurity.csproj", "{3EAE0DD2-90C1-416C-B73A-407901D2608E}"
EndProject
Project("{FAE04EC0-301F-11D3-BF4B-00C04F79EFBC}") = "Exam70483.ImplementDataAccess", "Old\Exam70483.ImplementDataAccess\Exam70483.ImplementDataAccess.csproj", "{64E9D4DD-A0A3-425B-BEB5-84D041A9FE04}"
EndProject
Project("{FAE04EC0-301F-11D3-BF4B-00C04F79EFBC}") = "Exam70483.Supplemental", "Old\Exam70483.Supplemental\Exam70483.Supplemental.csproj", "{65B49CB0-F31F-4ACD-8B5B-627E00678096}"
EndProject
Project("{FAE04EC0-301F-11D3-BF4B-00C04F79EFBC}") = "Exam70483.DelegatesAndEvents", "Old\Exam70483.DelegatesAndEvents\Exam70483.DelegatesAndEvents.csproj", "{9593BEC9-3293-4EE5-95AB-4381F99B478F}"
EndProject
Project("{FAE04EC0-301F-11D3-BF4B-00C04F79EFBC}") = "Exam70483.CreateAndUseTypes.Tests", "Old\Exam70483.CreateAndUseTypes.Tests\Exam70483.CreateAndUseTypes.Tests.csproj", "{11EFBC2E-C15B-4A22-B476-5A32C9E42229}"
EndProject
Project("{FAE04EC0-301F-11D3-BF4B-00C04F79EFBC}") = "Exam70483.DebugAppsAndImplementSecurity.Tests", "Old\Exam70483.DebugAppsAndImplementSecurity.Tests\Exam70483.DebugAppsAndImplementSecurity.Tests.csproj", "{F781236C-9524-4FCC-BD1E-FAA41E1A79D0}"
EndProject
Project("{FAE04EC0-301F-11D3-BF4B-00C04F79EFBC}") = "Exam70483.ManageProgramFlow.Console", "Old\Exam70483.ManageProgramFlow.Console\Exam70483.ManageProgramFlow.Console.csproj", "{22A89AED-68C6-4E71-92B5-35F93E374A6B}"
EndProject
Project("{2150E333-8FDC-42A3-9474-1A3956D46DE8}") = "Tests", "Tests", "{1916CAE4-2995-4EB9-A638-85F96D5F8D3D}"
EndProject
Project("{2150E333-8FDC-42A3-9474-1A3956D46DE8}") = "Old - 2016", "Old - 2016", "{516B6A65-C685-4A09-B19C-4B9EABABD627}"
EndProject
Project("{2150E333-8FDC-42A3-9474-1A3956D46DE8}") = "New - 2019", "New - 2019", "{C7BE57D9-FA20-4869-9F39-7CCBB2E75EA1}"
EndProject
Project("{FAE04EC0-301F-11D3-BF4B-00C04F79EFBC}") = "TaskParallelLibrary", "ManageProgramFlow\TaskParallelLibrary\TaskParallelLibrary.csproj", "{391ED769-3ED9-4AB9-8EB8-BDBF4660B77C}"
EndProject
Project("{FAE04EC0-301F-11D3-BF4B-00C04F79EFBC}") = "ClassesAndStructs", "MicrosoftJumpStart\ClassesAndStructs\ClassesAndStructs.csproj", "{926A119C-221D-4475-8B1A-2BD87FE1F8D1}"
EndProject
Project("{FAE04EC0-301F-11D3-BF4B-00C04F79EFBC}") = "NewVirtualOverride", "MicrosoftJumpStart\NewVirtualOverride\NewVirtualOverride.csproj", "{298608E5-0786-4ADF-ACD8-33BE1A2C32D3}"
EndProject
Project("{FAE04EC0-301F-11D3-BF4B-00C04F79EFBC}") = "Generics", "MicrosoftJumpStart\Generics\Generics.csproj", "{AB6AD86D-7EA3-4F87-A844-33E342251105}"
EndProject
Project("{2150E333-8FDC-42A3-9474-1A3956D46DE8}") = "ManageProgramFlow", "ManageProgramFlow", "{58401E9A-ACFE-41B8-BFA7-4D55F9F9E2BB}"
	ProjectSection(SolutionItems) = preProject
		ManageProgramFlow\README.md = ManageProgramFlow\README.md
	EndProjectSection
EndProject
Project("{FAE04EC0-301F-11D3-BF4B-00C04F79EFBC}") = "ManageMultithreading", "ManageProgramFlow\ManageMultithreading\ManageMultithreading.csproj", "{F652923C-20F1-4206-ADB3-0A3BBB0FCC95}"
EndProject
Project("{FAE04EC0-301F-11D3-BF4B-00C04F79EFBC}") = "ImplementProgramFlow", "ManageProgramFlow\ImplementProgramFlow\ImplementProgramFlow.csproj", "{19F2AAD2-0F38-4372-BD5D-28CD799C4BCF}"
EndProject
Project("{FAE04EC0-301F-11D3-BF4B-00C04F79EFBC}") = "CreateAndImplementEventsAndCallbacks", "ManageProgramFlow\CreateAndImplementEventsAndCallbacks\CreateAndImplementEventsAndCallbacks.csproj", "{1AD0DAA9-4F85-4897-8715-16D2A001A8D9}"
EndProject
Project("{FAE04EC0-301F-11D3-BF4B-00C04F79EFBC}") = "ImplementExceptionHandling", "ManageProgramFlow\ImplementExceptionHandling\ImplementExceptionHandling.csproj", "{8A51DEA7-F07D-495E-B8A3-3EC0969676EE}"
EndProject
Project("{2150E333-8FDC-42A3-9474-1A3956D46DE8}") = "MicrosoftJumpStart", "MicrosoftJumpStart", "{80EDA093-9D6D-45A0-A6E4-188A70425E95}"
EndProject
Project("{2150E333-8FDC-42A3-9474-1A3956D46DE8}") = "CreateAndUseTypes", "CreateAndUseTypes", "{6DB9C9BB-8F0E-420E-B4E9-7ED174CA08E9}"
	ProjectSection(SolutionItems) = preProject
		CreateAndUseTypes\README.md = CreateAndUseTypes\README.md
	EndProjectSection
EndProject
Project("{FAE04EC0-301F-11D3-BF4B-00C04F79EFBC}") = "CreateTypes", "CreateAndUseTypes\CreateTypes\CreateTypes.csproj", "{2B228970-AE66-4016-AA0C-B9613229BDB3}"
EndProject
Project("{FAE04EC0-301F-11D3-BF4B-00C04F79EFBC}") = "ConsumeTypes", "CreateAndUseTypes\ConsumeTypes\ConsumeTypes.csproj", "{FC29385F-4A97-4D14-A085-68BB8F434F9B}"
EndProject
Project("{FAE04EC0-301F-11D3-BF4B-00C04F79EFBC}") = "EnforceEncapsulation", "CreateAndUseTypes\EnforceEncapsulation\EnforceEncapsulation.csproj", "{35A82C66-BCD8-4192-9E8A-762FEE718686}"
EndProject
Project("{FAE04EC0-301F-11D3-BF4B-00C04F79EFBC}") = "CreateAndImplementAClassHierarchy", "CreateAndUseTypes\CreateAndImplementAClassHierarchy\CreateAndImplementAClassHierarchy.csproj", "{B7617E62-EC28-4E99-9CF0-2E6C61EAECEB}"
EndProject
Project("{FAE04EC0-301F-11D3-BF4B-00C04F79EFBC}") = "Reflection", "CreateAndUseTypes\Reflection\Reflection.csproj", "{70366AC7-3D2D-4BC4-8C04-B5267D4BB8E8}"
EndProject
Project("{FAE04EC0-301F-11D3-BF4B-00C04F79EFBC}") = "ManageTheObjectLifecycle", "CreateAndUseTypes\ManageTheObjectLifecycle\ManageTheObjectLifecycle.csproj", "{CA541215-54CD-4768-B11C-699A93E98641}"
EndProject
Project("{FAE04EC0-301F-11D3-BF4B-00C04F79EFBC}") = "ManipulateStrings", "CreateAndUseTypes\ManipulateStrings\ManipulateStrings.csproj", "{F866A80A-35CF-447B-8FA3-66C4DDCB3950}"
EndProject
Project("{2150E333-8FDC-42A3-9474-1A3956D46DE8}") = "DebugApplicationsAndImplementSecurity", "DebugApplicationsAndImplementSecurity", "{C914A4E5-0671-4496-9336-C8692EFE3FB7}"
	ProjectSection(SolutionItems) = preProject
		DebugApplicationsAndImplementSecurity\README.md = DebugApplicationsAndImplementSecurity\README.md
	EndProjectSection
EndProject
Project("{FAE04EC0-301F-11D3-BF4B-00C04F79EFBC}") = "ValidateApplicationInput", "DebugApplicationsAndImplementSecurity\ValidateApplicationInput\ValidateApplicationInput.csproj", "{DC743765-9359-47A7-A3BC-44F8514CA82C}"
EndProject
Project("{FAE04EC0-301F-11D3-BF4B-00C04F79EFBC}") = "Encryption", "DebugApplicationsAndImplementSecurity\Encryption\Encryption.csproj", "{9FCECD50-BB4D-4541-8342-80C866F0B083}"
EndProject
Project("{FAE04EC0-301F-11D3-BF4B-00C04F79EFBC}") = "ManageAssemblies", "DebugApplicationsAndImplementSecurity\ManageAssemblies\ManageAssemblies.csproj", "{398578EB-27AB-4DCE-BA85-9C89CDD80AA7}"
EndProject
Project("{FAE04EC0-301F-11D3-BF4B-00C04F79EFBC}") = "DebugAnApplication", "DebugApplicationsAndImplementSecurity\DebugAnApplication\DebugAnApplication.csproj", "{28A55A37-C369-4A83-AC9A-248A87EA3690}"
EndProject
Project("{FAE04EC0-301F-11D3-BF4B-00C04F79EFBC}") = "ImplementDiagnostics", "DebugApplicationsAndImplementSecurity\ImplementDiagnostics\ImplementDiagnostics.csproj", "{D683B27A-607E-4B37-BC9C-4272C4364506}"
EndProject
Project("{2150E333-8FDC-42A3-9474-1A3956D46DE8}") = "ImplementDataAccess", "ImplementDataAccess", "{4C17A476-560F-44E8-844B-B336BADC3116}"
	ProjectSection(SolutionItems) = preProject
		ImplementDataAccess\README.md = ImplementDataAccess\README.md
	EndProjectSection
EndProject
Project("{FAE04EC0-301F-11D3-BF4B-00C04F79EFBC}") = "PerformInputOutputOperations", "ImplementDataAccess\PerformInputOutputOperations\PerformInputOutputOperations.csproj", "{619EB9B2-9EEA-4472-B4DC-96C431A9BAC4}"
EndProject
Project("{FAE04EC0-301F-11D3-BF4B-00C04F79EFBC}") = "ConsumeData", "ImplementDataAccess\ConsumeData\ConsumeData.csproj", "{6B498C03-46CD-4702-9996-895673D4849D}"
EndProject
Project("{FAE04EC0-301F-11D3-BF4B-00C04F79EFBC}") = "Linq", "ImplementDataAccess\Linq\Linq.csproj", "{32C63020-06F6-4E8C-924C-54ACBADD1499}"
EndProject
Project("{FAE04EC0-301F-11D3-BF4B-00C04F79EFBC}") = "SerializeAndDeserializeData", "ImplementDataAccess\SerializeAndDeserializeData\SerializeAndDeserializeData.csproj", "{E6D33255-5FA1-407D-BB1A-D0B672275D5E}"
EndProject
Project("{FAE04EC0-301F-11D3-BF4B-00C04F79EFBC}") = "StoreAndRetrieveDataFromCollections", "ImplementDataAccess\StoreAndRetrieveDataFromCollections\StoreAndRetrieveDataFromCollections.csproj", "{7327A2F2-8E08-474D-86CA-60ADFE281991}"
EndProject
Project("{FAE04EC0-301F-11D3-BF4B-00C04F79EFBC}") = "Common", "Common\Common.csproj", "{7FEA7F5F-ECD7-47BB-BC26-F462B91DD0C6}"
EndProject
Project("{FAE04EC0-301F-11D3-BF4B-00C04F79EFBC}") = "Reflection", "MicrosoftJumpStart\Reflection\Reflection.csproj", "{F2622674-EC02-4127-A749-6D55FEF71171}"
EndProject
Project("{FAE04EC0-301F-11D3-BF4B-00C04F79EFBC}") = "GarbageCollection", "MicrosoftJumpStart\GarbageCollection\GarbageCollection.csproj", "{D303D743-6428-4FB8-8AFD-CC1C64F4D879}"
EndProject
Global
	GlobalSection(SolutionConfigurationPlatforms) = preSolution
		Debug|Any CPU = Debug|Any CPU
		Release|Any CPU = Release|Any CPU
	EndGlobalSection
	GlobalSection(ProjectConfigurationPlatforms) = postSolution
		{A3DEC45B-1A83-4567-833E-96816394F189}.Debug|Any CPU.ActiveCfg = Debug|Any CPU
		{A3DEC45B-1A83-4567-833E-96816394F189}.Debug|Any CPU.Build.0 = Debug|Any CPU
		{A3DEC45B-1A83-4567-833E-96816394F189}.Release|Any CPU.ActiveCfg = Release|Any CPU
		{A3DEC45B-1A83-4567-833E-96816394F189}.Release|Any CPU.Build.0 = Release|Any CPU
		{CFA2434E-BEFD-4837-8054-338DA1E390B5}.Debug|Any CPU.ActiveCfg = Debug|Any CPU
		{CFA2434E-BEFD-4837-8054-338DA1E390B5}.Debug|Any CPU.Build.0 = Debug|Any CPU
		{CFA2434E-BEFD-4837-8054-338DA1E390B5}.Release|Any CPU.ActiveCfg = Release|Any CPU
		{CFA2434E-BEFD-4837-8054-338DA1E390B5}.Release|Any CPU.Build.0 = Release|Any CPU
		{3EAE0DD2-90C1-416C-B73A-407901D2608E}.Debug|Any CPU.ActiveCfg = Debug|Any CPU
		{3EAE0DD2-90C1-416C-B73A-407901D2608E}.Debug|Any CPU.Build.0 = Debug|Any CPU
		{3EAE0DD2-90C1-416C-B73A-407901D2608E}.Release|Any CPU.ActiveCfg = Release|Any CPU
		{3EAE0DD2-90C1-416C-B73A-407901D2608E}.Release|Any CPU.Build.0 = Release|Any CPU
		{64E9D4DD-A0A3-425B-BEB5-84D041A9FE04}.Debug|Any CPU.ActiveCfg = Debug|Any CPU
		{64E9D4DD-A0A3-425B-BEB5-84D041A9FE04}.Debug|Any CPU.Build.0 = Debug|Any CPU
		{64E9D4DD-A0A3-425B-BEB5-84D041A9FE04}.Release|Any CPU.ActiveCfg = Release|Any CPU
		{64E9D4DD-A0A3-425B-BEB5-84D041A9FE04}.Release|Any CPU.Build.0 = Release|Any CPU
		{65B49CB0-F31F-4ACD-8B5B-627E00678096}.Debug|Any CPU.ActiveCfg = Debug|Any CPU
		{65B49CB0-F31F-4ACD-8B5B-627E00678096}.Debug|Any CPU.Build.0 = Debug|Any CPU
		{65B49CB0-F31F-4ACD-8B5B-627E00678096}.Release|Any CPU.ActiveCfg = Release|Any CPU
		{65B49CB0-F31F-4ACD-8B5B-627E00678096}.Release|Any CPU.Build.0 = Release|Any CPU
		{9593BEC9-3293-4EE5-95AB-4381F99B478F}.Debug|Any CPU.ActiveCfg = Debug|Any CPU
		{9593BEC9-3293-4EE5-95AB-4381F99B478F}.Debug|Any CPU.Build.0 = Debug|Any CPU
		{9593BEC9-3293-4EE5-95AB-4381F99B478F}.Release|Any CPU.ActiveCfg = Release|Any CPU
		{9593BEC9-3293-4EE5-95AB-4381F99B478F}.Release|Any CPU.Build.0 = Release|Any CPU
		{11EFBC2E-C15B-4A22-B476-5A32C9E42229}.Debug|Any CPU.ActiveCfg = Debug|Any CPU
		{11EFBC2E-C15B-4A22-B476-5A32C9E42229}.Debug|Any CPU.Build.0 = Debug|Any CPU
		{11EFBC2E-C15B-4A22-B476-5A32C9E42229}.Release|Any CPU.ActiveCfg = Release|Any CPU
		{11EFBC2E-C15B-4A22-B476-5A32C9E42229}.Release|Any CPU.Build.0 = Release|Any CPU
		{F781236C-9524-4FCC-BD1E-FAA41E1A79D0}.Debug|Any CPU.ActiveCfg = Debug|Any CPU
		{F781236C-9524-4FCC-BD1E-FAA41E1A79D0}.Debug|Any CPU.Build.0 = Debug|Any CPU
		{F781236C-9524-4FCC-BD1E-FAA41E1A79D0}.Release|Any CPU.ActiveCfg = Release|Any CPU
		{F781236C-9524-4FCC-BD1E-FAA41E1A79D0}.Release|Any CPU.Build.0 = Release|Any CPU
		{22A89AED-68C6-4E71-92B5-35F93E374A6B}.Debug|Any CPU.ActiveCfg = Debug|Any CPU
		{22A89AED-68C6-4E71-92B5-35F93E374A6B}.Debug|Any CPU.Build.0 = Debug|Any CPU
		{22A89AED-68C6-4E71-92B5-35F93E374A6B}.Release|Any CPU.ActiveCfg = Release|Any CPU
		{22A89AED-68C6-4E71-92B5-35F93E374A6B}.Release|Any CPU.Build.0 = Release|Any CPU
		{391ED769-3ED9-4AB9-8EB8-BDBF4660B77C}.Debug|Any CPU.ActiveCfg = Debug|Any CPU
		{391ED769-3ED9-4AB9-8EB8-BDBF4660B77C}.Debug|Any CPU.Build.0 = Debug|Any CPU
		{391ED769-3ED9-4AB9-8EB8-BDBF4660B77C}.Release|Any CPU.ActiveCfg = Release|Any CPU
		{391ED769-3ED9-4AB9-8EB8-BDBF4660B77C}.Release|Any CPU.Build.0 = Release|Any CPU
		{926A119C-221D-4475-8B1A-2BD87FE1F8D1}.Debug|Any CPU.ActiveCfg = Debug|Any CPU
		{926A119C-221D-4475-8B1A-2BD87FE1F8D1}.Debug|Any CPU.Build.0 = Debug|Any CPU
		{926A119C-221D-4475-8B1A-2BD87FE1F8D1}.Release|Any CPU.ActiveCfg = Release|Any CPU
		{926A119C-221D-4475-8B1A-2BD87FE1F8D1}.Release|Any CPU.Build.0 = Release|Any CPU
		{298608E5-0786-4ADF-ACD8-33BE1A2C32D3}.Debug|Any CPU.ActiveCfg = Debug|Any CPU
		{298608E5-0786-4ADF-ACD8-33BE1A2C32D3}.Debug|Any CPU.Build.0 = Debug|Any CPU
		{298608E5-0786-4ADF-ACD8-33BE1A2C32D3}.Release|Any CPU.ActiveCfg = Release|Any CPU
		{298608E5-0786-4ADF-ACD8-33BE1A2C32D3}.Release|Any CPU.Build.0 = Release|Any CPU
		{AB6AD86D-7EA3-4F87-A844-33E342251105}.Debug|Any CPU.ActiveCfg = Debug|Any CPU
		{AB6AD86D-7EA3-4F87-A844-33E342251105}.Debug|Any CPU.Build.0 = Debug|Any CPU
		{AB6AD86D-7EA3-4F87-A844-33E342251105}.Release|Any CPU.ActiveCfg = Release|Any CPU
		{AB6AD86D-7EA3-4F87-A844-33E342251105}.Release|Any CPU.Build.0 = Release|Any CPU
		{F652923C-20F1-4206-ADB3-0A3BBB0FCC95}.Debug|Any CPU.ActiveCfg = Debug|Any CPU
		{F652923C-20F1-4206-ADB3-0A3BBB0FCC95}.Debug|Any CPU.Build.0 = Debug|Any CPU
		{F652923C-20F1-4206-ADB3-0A3BBB0FCC95}.Release|Any CPU.ActiveCfg = Release|Any CPU
		{F652923C-20F1-4206-ADB3-0A3BBB0FCC95}.Release|Any CPU.Build.0 = Release|Any CPU
		{19F2AAD2-0F38-4372-BD5D-28CD799C4BCF}.Debug|Any CPU.ActiveCfg = Debug|Any CPU
		{19F2AAD2-0F38-4372-BD5D-28CD799C4BCF}.Debug|Any CPU.Build.0 = Debug|Any CPU
		{19F2AAD2-0F38-4372-BD5D-28CD799C4BCF}.Release|Any CPU.ActiveCfg = Release|Any CPU
		{19F2AAD2-0F38-4372-BD5D-28CD799C4BCF}.Release|Any CPU.Build.0 = Release|Any CPU
		{1AD0DAA9-4F85-4897-8715-16D2A001A8D9}.Debug|Any CPU.ActiveCfg = Debug|Any CPU
		{1AD0DAA9-4F85-4897-8715-16D2A001A8D9}.Debug|Any CPU.Build.0 = Debug|Any CPU
		{1AD0DAA9-4F85-4897-8715-16D2A001A8D9}.Release|Any CPU.ActiveCfg = Release|Any CPU
		{1AD0DAA9-4F85-4897-8715-16D2A001A8D9}.Release|Any CPU.Build.0 = Release|Any CPU
		{8A51DEA7-F07D-495E-B8A3-3EC0969676EE}.Debug|Any CPU.ActiveCfg = Debug|Any CPU
		{8A51DEA7-F07D-495E-B8A3-3EC0969676EE}.Debug|Any CPU.Build.0 = Debug|Any CPU
		{8A51DEA7-F07D-495E-B8A3-3EC0969676EE}.Release|Any CPU.ActiveCfg = Release|Any CPU
		{8A51DEA7-F07D-495E-B8A3-3EC0969676EE}.Release|Any CPU.Build.0 = Release|Any CPU
		{2B228970-AE66-4016-AA0C-B9613229BDB3}.Debug|Any CPU.ActiveCfg = Debug|Any CPU
		{2B228970-AE66-4016-AA0C-B9613229BDB3}.Debug|Any CPU.Build.0 = Debug|Any CPU
		{2B228970-AE66-4016-AA0C-B9613229BDB3}.Release|Any CPU.ActiveCfg = Release|Any CPU
		{2B228970-AE66-4016-AA0C-B9613229BDB3}.Release|Any CPU.Build.0 = Release|Any CPU
		{FC29385F-4A97-4D14-A085-68BB8F434F9B}.Debug|Any CPU.ActiveCfg = Debug|Any CPU
		{FC29385F-4A97-4D14-A085-68BB8F434F9B}.Debug|Any CPU.Build.0 = Debug|Any CPU
		{FC29385F-4A97-4D14-A085-68BB8F434F9B}.Release|Any CPU.ActiveCfg = Release|Any CPU
		{FC29385F-4A97-4D14-A085-68BB8F434F9B}.Release|Any CPU.Build.0 = Release|Any CPU
		{35A82C66-BCD8-4192-9E8A-762FEE718686}.Debug|Any CPU.ActiveCfg = Debug|Any CPU
		{35A82C66-BCD8-4192-9E8A-762FEE718686}.Debug|Any CPU.Build.0 = Debug|Any CPU
		{35A82C66-BCD8-4192-9E8A-762FEE718686}.Release|Any CPU.ActiveCfg = Release|Any CPU
		{35A82C66-BCD8-4192-9E8A-762FEE718686}.Release|Any CPU.Build.0 = Release|Any CPU
		{B7617E62-EC28-4E99-9CF0-2E6C61EAECEB}.Debug|Any CPU.ActiveCfg = Debug|Any CPU
		{B7617E62-EC28-4E99-9CF0-2E6C61EAECEB}.Debug|Any CPU.Build.0 = Debug|Any CPU
		{B7617E62-EC28-4E99-9CF0-2E6C61EAECEB}.Release|Any CPU.ActiveCfg = Release|Any CPU
		{B7617E62-EC28-4E99-9CF0-2E6C61EAECEB}.Release|Any CPU.Build.0 = Release|Any CPU
		{70366AC7-3D2D-4BC4-8C04-B5267D4BB8E8}.Debug|Any CPU.ActiveCfg = Debug|Any CPU
		{70366AC7-3D2D-4BC4-8C04-B5267D4BB8E8}.Debug|Any CPU.Build.0 = Debug|Any CPU
		{70366AC7-3D2D-4BC4-8C04-B5267D4BB8E8}.Release|Any CPU.ActiveCfg = Release|Any CPU
		{70366AC7-3D2D-4BC4-8C04-B5267D4BB8E8}.Release|Any CPU.Build.0 = Release|Any CPU
		{CA541215-54CD-4768-B11C-699A93E98641}.Debug|Any CPU.ActiveCfg = Debug|Any CPU
		{CA541215-54CD-4768-B11C-699A93E98641}.Debug|Any CPU.Build.0 = Debug|Any CPU
		{CA541215-54CD-4768-B11C-699A93E98641}.Release|Any CPU.ActiveCfg = Release|Any CPU
		{CA541215-54CD-4768-B11C-699A93E98641}.Release|Any CPU.Build.0 = Release|Any CPU
		{F866A80A-35CF-447B-8FA3-66C4DDCB3950}.Debug|Any CPU.ActiveCfg = Debug|Any CPU
		{F866A80A-35CF-447B-8FA3-66C4DDCB3950}.Debug|Any CPU.Build.0 = Debug|Any CPU
		{F866A80A-35CF-447B-8FA3-66C4DDCB3950}.Release|Any CPU.ActiveCfg = Release|Any CPU
		{F866A80A-35CF-447B-8FA3-66C4DDCB3950}.Release|Any CPU.Build.0 = Release|Any CPU
		{DC743765-9359-47A7-A3BC-44F8514CA82C}.Debug|Any CPU.ActiveCfg = Debug|Any CPU
		{DC743765-9359-47A7-A3BC-44F8514CA82C}.Debug|Any CPU.Build.0 = Debug|Any CPU
		{DC743765-9359-47A7-A3BC-44F8514CA82C}.Release|Any CPU.ActiveCfg = Release|Any CPU
		{DC743765-9359-47A7-A3BC-44F8514CA82C}.Release|Any CPU.Build.0 = Release|Any CPU
		{9FCECD50-BB4D-4541-8342-80C866F0B083}.Debug|Any CPU.ActiveCfg = Debug|Any CPU
		{9FCECD50-BB4D-4541-8342-80C866F0B083}.Debug|Any CPU.Build.0 = Debug|Any CPU
		{9FCECD50-BB4D-4541-8342-80C866F0B083}.Release|Any CPU.ActiveCfg = Release|Any CPU
		{9FCECD50-BB4D-4541-8342-80C866F0B083}.Release|Any CPU.Build.0 = Release|Any CPU
		{398578EB-27AB-4DCE-BA85-9C89CDD80AA7}.Debug|Any CPU.ActiveCfg = Debug|Any CPU
		{398578EB-27AB-4DCE-BA85-9C89CDD80AA7}.Debug|Any CPU.Build.0 = Debug|Any CPU
		{398578EB-27AB-4DCE-BA85-9C89CDD80AA7}.Release|Any CPU.ActiveCfg = Release|Any CPU
		{398578EB-27AB-4DCE-BA85-9C89CDD80AA7}.Release|Any CPU.Build.0 = Release|Any CPU
		{28A55A37-C369-4A83-AC9A-248A87EA3690}.Debug|Any CPU.ActiveCfg = Debug|Any CPU
		{28A55A37-C369-4A83-AC9A-248A87EA3690}.Debug|Any CPU.Build.0 = Debug|Any CPU
		{28A55A37-C369-4A83-AC9A-248A87EA3690}.Release|Any CPU.ActiveCfg = Release|Any CPU
		{28A55A37-C369-4A83-AC9A-248A87EA3690}.Release|Any CPU.Build.0 = Release|Any CPU
		{D683B27A-607E-4B37-BC9C-4272C4364506}.Debug|Any CPU.ActiveCfg = Debug|Any CPU
		{D683B27A-607E-4B37-BC9C-4272C4364506}.Debug|Any CPU.Build.0 = Debug|Any CPU
		{D683B27A-607E-4B37-BC9C-4272C4364506}.Release|Any CPU.ActiveCfg = Release|Any CPU
		{D683B27A-607E-4B37-BC9C-4272C4364506}.Release|Any CPU.Build.0 = Release|Any CPU
		{619EB9B2-9EEA-4472-B4DC-96C431A9BAC4}.Debug|Any CPU.ActiveCfg = Debug|Any CPU
		{619EB9B2-9EEA-4472-B4DC-96C431A9BAC4}.Debug|Any CPU.Build.0 = Debug|Any CPU
		{619EB9B2-9EEA-4472-B4DC-96C431A9BAC4}.Release|Any CPU.ActiveCfg = Release|Any CPU
		{619EB9B2-9EEA-4472-B4DC-96C431A9BAC4}.Release|Any CPU.Build.0 = Release|Any CPU
		{6B498C03-46CD-4702-9996-895673D4849D}.Debug|Any CPU.ActiveCfg = Debug|Any CPU
		{6B498C03-46CD-4702-9996-895673D4849D}.Debug|Any CPU.Build.0 = Debug|Any CPU
		{6B498C03-46CD-4702-9996-895673D4849D}.Release|Any CPU.ActiveCfg = Release|Any CPU
		{6B498C03-46CD-4702-9996-895673D4849D}.Release|Any CPU.Build.0 = Release|Any CPU
		{32C63020-06F6-4E8C-924C-54ACBADD1499}.Debug|Any CPU.ActiveCfg = Debug|Any CPU
		{32C63020-06F6-4E8C-924C-54ACBADD1499}.Debug|Any CPU.Build.0 = Debug|Any CPU
		{32C63020-06F6-4E8C-924C-54ACBADD1499}.Release|Any CPU.ActiveCfg = Release|Any CPU
		{32C63020-06F6-4E8C-924C-54ACBADD1499}.Release|Any CPU.Build.0 = Release|Any CPU
		{E6D33255-5FA1-407D-BB1A-D0B672275D5E}.Debug|Any CPU.ActiveCfg = Debug|Any CPU
		{E6D33255-5FA1-407D-BB1A-D0B672275D5E}.Debug|Any CPU.Build.0 = Debug|Any CPU
		{E6D33255-5FA1-407D-BB1A-D0B672275D5E}.Release|Any CPU.ActiveCfg = Release|Any CPU
		{E6D33255-5FA1-407D-BB1A-D0B672275D5E}.Release|Any CPU.Build.0 = Release|Any CPU
		{7327A2F2-8E08-474D-86CA-60ADFE281991}.Debug|Any CPU.ActiveCfg = Debug|Any CPU
		{7327A2F2-8E08-474D-86CA-60ADFE281991}.Debug|Any CPU.Build.0 = Debug|Any CPU
		{7327A2F2-8E08-474D-86CA-60ADFE281991}.Release|Any CPU.ActiveCfg = Release|Any CPU
		{7327A2F2-8E08-474D-86CA-60ADFE281991}.Release|Any CPU.Build.0 = Release|Any CPU
		{7FEA7F5F-ECD7-47BB-BC26-F462B91DD0C6}.Debug|Any CPU.ActiveCfg = Debug|Any CPU
		{7FEA7F5F-ECD7-47BB-BC26-F462B91DD0C6}.Debug|Any CPU.Build.0 = Debug|Any CPU
		{7FEA7F5F-ECD7-47BB-BC26-F462B91DD0C6}.Release|Any CPU.ActiveCfg = Release|Any CPU
		{7FEA7F5F-ECD7-47BB-BC26-F462B91DD0C6}.Release|Any CPU.Build.0 = Release|Any CPU
		{F2622674-EC02-4127-A749-6D55FEF71171}.Debug|Any CPU.ActiveCfg = Debug|Any CPU
		{F2622674-EC02-4127-A749-6D55FEF71171}.Debug|Any CPU.Build.0 = Debug|Any CPU
		{F2622674-EC02-4127-A749-6D55FEF71171}.Release|Any CPU.ActiveCfg = Release|Any CPU
		{F2622674-EC02-4127-A749-6D55FEF71171}.Release|Any CPU.Build.0 = Release|Any CPU
		{D303D743-6428-4FB8-8AFD-CC1C64F4D879}.Debug|Any CPU.ActiveCfg = Debug|Any CPU
		{D303D743-6428-4FB8-8AFD-CC1C64F4D879}.Debug|Any CPU.Build.0 = Debug|Any CPU
		{D303D743-6428-4FB8-8AFD-CC1C64F4D879}.Release|Any CPU.ActiveCfg = Release|Any CPU
		{D303D743-6428-4FB8-8AFD-CC1C64F4D879}.Release|Any CPU.Build.0 = Release|Any CPU
	EndGlobalSection
	GlobalSection(SolutionProperties) = preSolution
		HideSolutionNode = FALSE
	EndGlobalSection
	GlobalSection(NestedProjects) = preSolution
		{A3DEC45B-1A83-4567-833E-96816394F189} = {516B6A65-C685-4A09-B19C-4B9EABABD627}
		{CFA2434E-BEFD-4837-8054-338DA1E390B5} = {516B6A65-C685-4A09-B19C-4B9EABABD627}
		{3EAE0DD2-90C1-416C-B73A-407901D2608E} = {516B6A65-C685-4A09-B19C-4B9EABABD627}
		{64E9D4DD-A0A3-425B-BEB5-84D041A9FE04} = {516B6A65-C685-4A09-B19C-4B9EABABD627}
		{65B49CB0-F31F-4ACD-8B5B-627E00678096} = {516B6A65-C685-4A09-B19C-4B9EABABD627}
		{9593BEC9-3293-4EE5-95AB-4381F99B478F} = {516B6A65-C685-4A09-B19C-4B9EABABD627}
		{11EFBC2E-C15B-4A22-B476-5A32C9E42229} = {1916CAE4-2995-4EB9-A638-85F96D5F8D3D}
		{F781236C-9524-4FCC-BD1E-FAA41E1A79D0} = {1916CAE4-2995-4EB9-A638-85F96D5F8D3D}
		{22A89AED-68C6-4E71-92B5-35F93E374A6B} = {516B6A65-C685-4A09-B19C-4B9EABABD627}
		{1916CAE4-2995-4EB9-A638-85F96D5F8D3D} = {516B6A65-C685-4A09-B19C-4B9EABABD627}
		{391ED769-3ED9-4AB9-8EB8-BDBF4660B77C} = {58401E9A-ACFE-41B8-BFA7-4D55F9F9E2BB}
		{926A119C-221D-4475-8B1A-2BD87FE1F8D1} = {80EDA093-9D6D-45A0-A6E4-188A70425E95}
		{298608E5-0786-4ADF-ACD8-33BE1A2C32D3} = {80EDA093-9D6D-45A0-A6E4-188A70425E95}
		{AB6AD86D-7EA3-4F87-A844-33E342251105} = {80EDA093-9D6D-45A0-A6E4-188A70425E95}
		{58401E9A-ACFE-41B8-BFA7-4D55F9F9E2BB} = {C7BE57D9-FA20-4869-9F39-7CCBB2E75EA1}
		{F652923C-20F1-4206-ADB3-0A3BBB0FCC95} = {58401E9A-ACFE-41B8-BFA7-4D55F9F9E2BB}
		{19F2AAD2-0F38-4372-BD5D-28CD799C4BCF} = {58401E9A-ACFE-41B8-BFA7-4D55F9F9E2BB}
		{1AD0DAA9-4F85-4897-8715-16D2A001A8D9} = {58401E9A-ACFE-41B8-BFA7-4D55F9F9E2BB}
		{8A51DEA7-F07D-495E-B8A3-3EC0969676EE} = {58401E9A-ACFE-41B8-BFA7-4D55F9F9E2BB}
		{80EDA093-9D6D-45A0-A6E4-188A70425E95} = {C7BE57D9-FA20-4869-9F39-7CCBB2E75EA1}
		{6DB9C9BB-8F0E-420E-B4E9-7ED174CA08E9} = {C7BE57D9-FA20-4869-9F39-7CCBB2E75EA1}
		{2B228970-AE66-4016-AA0C-B9613229BDB3} = {6DB9C9BB-8F0E-420E-B4E9-7ED174CA08E9}
		{FC29385F-4A97-4D14-A085-68BB8F434F9B} = {6DB9C9BB-8F0E-420E-B4E9-7ED174CA08E9}
		{35A82C66-BCD8-4192-9E8A-762FEE718686} = {6DB9C9BB-8F0E-420E-B4E9-7ED174CA08E9}
		{B7617E62-EC28-4E99-9CF0-2E6C61EAECEB} = {6DB9C9BB-8F0E-420E-B4E9-7ED174CA08E9}
		{70366AC7-3D2D-4BC4-8C04-B5267D4BB8E8} = {6DB9C9BB-8F0E-420E-B4E9-7ED174CA08E9}
		{CA541215-54CD-4768-B11C-699A93E98641} = {6DB9C9BB-8F0E-420E-B4E9-7ED174CA08E9}
		{F866A80A-35CF-447B-8FA3-66C4DDCB3950} = {6DB9C9BB-8F0E-420E-B4E9-7ED174CA08E9}
		{C914A4E5-0671-4496-9336-C8692EFE3FB7} = {C7BE57D9-FA20-4869-9F39-7CCBB2E75EA1}
		{DC743765-9359-47A7-A3BC-44F8514CA82C} = {C914A4E5-0671-4496-9336-C8692EFE3FB7}
		{9FCECD50-BB4D-4541-8342-80C866F0B083} = {C914A4E5-0671-4496-9336-C8692EFE3FB7}
		{398578EB-27AB-4DCE-BA85-9C89CDD80AA7} = {C914A4E5-0671-4496-9336-C8692EFE3FB7}
		{28A55A37-C369-4A83-AC9A-248A87EA3690} = {C914A4E5-0671-4496-9336-C8692EFE3FB7}
		{D683B27A-607E-4B37-BC9C-4272C4364506} = {C914A4E5-0671-4496-9336-C8692EFE3FB7}
		{4C17A476-560F-44E8-844B-B336BADC3116} = {C7BE57D9-FA20-4869-9F39-7CCBB2E75EA1}
		{619EB9B2-9EEA-4472-B4DC-96C431A9BAC4} = {4C17A476-560F-44E8-844B-B336BADC3116}
		{6B498C03-46CD-4702-9996-895673D4849D} = {4C17A476-560F-44E8-844B-B336BADC3116}
		{32C63020-06F6-4E8C-924C-54ACBADD1499} = {4C17A476-560F-44E8-844B-B336BADC3116}
		{E6D33255-5FA1-407D-BB1A-D0B672275D5E} = {4C17A476-560F-44E8-844B-B336BADC3116}
		{7327A2F2-8E08-474D-86CA-60ADFE281991} = {4C17A476-560F-44E8-844B-B336BADC3116}
		{7FEA7F5F-ECD7-47BB-BC26-F462B91DD0C6} = {C7BE57D9-FA20-4869-9F39-7CCBB2E75EA1}
		{F2622674-EC02-4127-A749-6D55FEF71171} = {80EDA093-9D6D-45A0-A6E4-188A70425E95}
		{D303D743-6428-4FB8-8AFD-CC1C64F4D879} = {80EDA093-9D6D-45A0-A6E4-188A70425E95}
	EndGlobalSection
	GlobalSection(ExtensibilityGlobals) = postSolution
		SolutionGuid = {83B16D0E-F016-4075-9C5A-232B81AD9D75}
	EndGlobalSection
EndGlobal
