
Microsoft Visual Studio Solution File, Format Version 12.00
# Visual Studio 14
VisualStudioVersion = 14.0.25420.1
MinimumVisualStudioVersion = 10.0.40219.1
Project("{FAE04EC0-301F-11D3-BF4B-00C04F79EFBC}") = "Exam70483.ManageProgramFlow", "Exam70483.ManageProgramFlow\Exam70483.ManageProgramFlow.csproj", "{A3DEC45B-1A83-4567-833E-96816394F189}"
EndProject
Project("{FAE04EC0-301F-11D3-BF4B-00C04F79EFBC}") = "Exam70483.CreateAndUseTypes", "Exam70483.CreateAndUseTypes\Exam70483.CreateAndUseTypes.csproj", "{CFA2434E-BEFD-4837-8054-338DA1E390B5}"
EndProject
Project("{FAE04EC0-301F-11D3-BF4B-00C04F79EFBC}") = "Exam70483.DebugAppsAndImplementSecurity", "Exam70483.DebugAppsAndImplementSecurity\Exam70483.DebugAppsAndImplementSecurity.csproj", "{3EAE0DD2-90C1-416C-B73A-407901D2608E}"
EndProject
Project("{FAE04EC0-301F-11D3-BF4B-00C04F79EFBC}") = "Exam70483.ImplementDataAccess", "Exam70483.ImplementDataAccess\Exam70483.ImplementDataAccess.csproj", "{64E9D4DD-A0A3-425B-BEB5-84D041A9FE04}"
EndProject
Project("{FAE04EC0-301F-11D3-BF4B-00C04F79EFBC}") = "Exam70483.Supplemental", "Exam70483.Supplemental\Exam70483.Supplemental.csproj", "{65B49CB0-F31F-4ACD-8B5B-627E00678096}"
EndProject
Project("{FAE04EC0-301F-11D3-BF4B-00C04F79EFBC}") = "Exam70483.DelegatesAndEvents", "Exam70483.DelegatesAndEvents\Exam70483.DelegatesAndEvents.csproj", "{9593BEC9-3293-4EE5-95AB-4381F99B478F}"
EndProject
Project("{FAE04EC0-301F-11D3-BF4B-00C04F79EFBC}") = "Exam70483.DelegatesAndEvents.Tests", "Exam70483.DelegatesAndEvents.Tests\Exam70483.DelegatesAndEvents.Tests.csproj", "{FE455381-5084-435E-B080-3526112382D2}"
EndProject
Project("{FAE04EC0-301F-11D3-BF4B-00C04F79EFBC}") = "Exam70483.CreateAndUseTypes.Tests", "Exam70483.CreateAndUseTypes.Tests\Exam70483.CreateAndUseTypes.Tests.csproj", "{11EFBC2E-C15B-4A22-B476-5A32C9E42229}"
EndProject
Project("{FAE04EC0-301F-11D3-BF4B-00C04F79EFBC}") = "Exam70483.DebugAppsAndImplementSecurity.Tests", "Exam70483.DebugAppsAndImplementSecurity.Tests\Exam70483.DebugAppsAndImplementSecurity.Tests.csproj", "{F781236C-9524-4FCC-BD1E-FAA41E1A79D0}"
EndProject
Global
	GlobalSection(SolutionConfigurationPlatforms) = preSolution
		Debug|Any CPU = Debug|Any CPU
		Release|Any CPU = Release|Any CPU
	EndGlobalSection
	GlobalSection(ProjectConfigurationPlatforms) = postSolution
		{A3DEC45B-1A83-4567-833E-96816394F189}.Debug|Any CPU.ActiveCfg = Debug|Any CPU
		{A3DEC45B-1A83-4567-833E-96816394F189}.Debug|Any CPU.Build.0 = Debug|Any CPU
		{A3DEC45B-1A83-4567-833E-96816394F189}.Release|Any CPU.ActiveCfg = Release|Any CPU
		{A3DEC45B-1A83-4567-833E-96816394F189}.Release|Any CPU.Build.0 = Release|Any CPU
		{CFA2434E-BEFD-4837-8054-338DA1E390B5}.Debug|Any CPU.ActiveCfg = Debug|Any CPU
		{CFA2434E-BEFD-4837-8054-338DA1E390B5}.Debug|Any CPU.Build.0 = Debug|Any CPU
		{CFA2434E-BEFD-4837-8054-338DA1E390B5}.Release|Any CPU.ActiveCfg = Release|Any CPU
		{CFA2434E-BEFD-4837-8054-338DA1E390B5}.Release|Any CPU.Build.0 = Release|Any CPU
		{3EAE0DD2-90C1-416C-B73A-407901D2608E}.Debug|Any CPU.ActiveCfg = Debug|Any CPU
		{3EAE0DD2-90C1-416C-B73A-407901D2608E}.Debug|Any CPU.Build.0 = Debug|Any CPU
		{3EAE0DD2-90C1-416C-B73A-407901D2608E}.Release|Any CPU.ActiveCfg = Release|Any CPU
		{3EAE0DD2-90C1-416C-B73A-407901D2608E}.Release|Any CPU.Build.0 = Release|Any CPU
		{64E9D4DD-A0A3-425B-BEB5-84D041A9FE04}.Debug|Any CPU.ActiveCfg = Debug|Any CPU
		{64E9D4DD-A0A3-425B-BEB5-84D041A9FE04}.Debug|Any CPU.Build.0 = Debug|Any CPU
		{64E9D4DD-A0A3-425B-BEB5-84D041A9FE04}.Release|Any CPU.ActiveCfg = Release|Any CPU
		{64E9D4DD-A0A3-425B-BEB5-84D041A9FE04}.Release|Any CPU.Build.0 = Release|Any CPU
		{65B49CB0-F31F-4ACD-8B5B-627E00678096}.Debug|Any CPU.ActiveCfg = Debug|Any CPU
		{65B49CB0-F31F-4ACD-8B5B-627E00678096}.Debug|Any CPU.Build.0 = Debug|Any CPU
		{65B49CB0-F31F-4ACD-8B5B-627E00678096}.Release|Any CPU.ActiveCfg = Release|Any CPU
		{65B49CB0-F31F-4ACD-8B5B-627E00678096}.Release|Any CPU.Build.0 = Release|Any CPU
		{9593BEC9-3293-4EE5-95AB-4381F99B478F}.Debug|Any CPU.ActiveCfg = Debug|Any CPU
		{9593BEC9-3293-4EE5-95AB-4381F99B478F}.Debug|Any CPU.Build.0 = Debug|Any CPU
		{9593BEC9-3293-4EE5-95AB-4381F99B478F}.Release|Any CPU.ActiveCfg = Release|Any CPU
		{9593BEC9-3293-4EE5-95AB-4381F99B478F}.Release|Any CPU.Build.0 = Release|Any CPU
		{FE455381-5084-435E-B080-3526112382D2}.Debug|Any CPU.ActiveCfg = Debug|Any CPU
		{FE455381-5084-435E-B080-3526112382D2}.Debug|Any CPU.Build.0 = Debug|Any CPU
		{FE455381-5084-435E-B080-3526112382D2}.Release|Any CPU.ActiveCfg = Release|Any CPU
		{FE455381-5084-435E-B080-3526112382D2}.Release|Any CPU.Build.0 = Release|Any CPU
		{11EFBC2E-C15B-4A22-B476-5A32C9E42229}.Debug|Any CPU.ActiveCfg = Debug|Any CPU
		{11EFBC2E-C15B-4A22-B476-5A32C9E42229}.Debug|Any CPU.Build.0 = Debug|Any CPU
		{11EFBC2E-C15B-4A22-B476-5A32C9E42229}.Release|Any CPU.ActiveCfg = Release|Any CPU
		{11EFBC2E-C15B-4A22-B476-5A32C9E42229}.Release|Any CPU.Build.0 = Release|Any CPU
		{F781236C-9524-4FCC-BD1E-FAA41E1A79D0}.Debug|Any CPU.ActiveCfg = Debug|Any CPU
		{F781236C-9524-4FCC-BD1E-FAA41E1A79D0}.Debug|Any CPU.Build.0 = Debug|Any CPU
		{F781236C-9524-4FCC-BD1E-FAA41E1A79D0}.Release|Any CPU.ActiveCfg = Release|Any CPU
		{F781236C-9524-4FCC-BD1E-FAA41E1A79D0}.Release|Any CPU.Build.0 = Release|Any CPU
	EndGlobalSection
	GlobalSection(SolutionProperties) = preSolution
		HideSolutionNode = FALSE
	EndGlobalSection
EndGlobal
